
Microsoft Visual Studio Solution File, Format Version 12.00
# Visual Studio Version 16
VisualStudioVersion = 16.0.31624.102
MinimumVisualStudioVersion = 10.0.40219.1
Project("{8BC9CEB8-8B4A-11D0-8D11-00A0C91BC942}") = "Дискретка 5(2.2)", "Дискретка 5(2.2).vcxproj", "{F08C5A01-E6BD-4991-B818-E44DB019D7FC}"
EndProject
Global
	GlobalSection(SolutionConfigurationPlatforms) = preSolution
		Debug|x64 = Debug|x64
		Debug|x86 = Debug|x86
		Release|x64 = Release|x64
		Release|x86 = Release|x86
	EndGlobalSection
	GlobalSection(ProjectConfigurationPlatforms) = postSolution
		{F08C5A01-E6BD-4991-B818-E44DB019D7FC}.Debug|x64.ActiveCfg = Debug|x64
		{F08C5A01-E6BD-4991-B818-E44DB019D7FC}.Debug|x64.Build.0 = Debug|x64
		{F08C5A01-E6BD-4991-B818-E44DB019D7FC}.Debug|x86.ActiveCfg = Debug|Win32
		{F08C5A01-E6BD-4991-B818-E44DB019D7FC}.Debug|x86.Build.0 = Debug|Win32
		{F08C5A01-E6BD-4991-B818-E44DB019D7FC}.Release|x64.ActiveCfg = Release|x64
		{F08C5A01-E6BD-4991-B818-E44DB019D7FC}.Release|x64.Build.0 = Release|x64
		{F08C5A01-E6BD-4991-B818-E44DB019D7FC}.Release|x86.ActiveCfg = Release|Win32
		{F08C5A01-E6BD-4991-B818-E44DB019D7FC}.Release|x86.Build.0 = Release|Win32
	EndGlobalSection
	GlobalSection(SolutionProperties) = preSolution
		HideSolutionNode = FALSE
	EndGlobalSection
	GlobalSection(ExtensibilityGlobals) = postSolution
		SolutionGuid = {D09E9C00-2103-4E15-B6A3-062214AA4E8B}
	EndGlobalSection
EndGlobal
